
Microsoft Visual Studio Solution File, Format Version 12.00
# Visual Studio 15
VisualStudioVersion = 15.0.28307.421
MinimumVisualStudioVersion = 10.0.40219.1
Project("{FAE04EC0-301F-11D3-BF4B-00C04F79EFBC}") = "MyMessenger", "WpfApp53\MyMessenger.csproj", "{11972F58-972A-4BB8-8B33-F8C98F836538}"
EndProject
Global
	GlobalSection(SolutionConfigurationPlatforms) = preSolution
		Debug|Any CPU = Debug|Any CPU
		Release|Any CPU = Release|Any CPU
	EndGlobalSection
	GlobalSection(ProjectConfigurationPlatforms) = postSolution
		{11972F58-972A-4BB8-8B33-F8C98F836538}.Debug|Any CPU.ActiveCfg = Debug|Any CPU
		{11972F58-972A-4BB8-8B33-F8C98F836538}.Debug|Any CPU.Build.0 = Debug|Any CPU
		{11972F58-972A-4BB8-8B33-F8C98F836538}.Release|Any CPU.ActiveCfg = Release|Any CPU
		{11972F58-972A-4BB8-8B33-F8C98F836538}.Release|Any CPU.Build.0 = Release|Any CPU
	EndGlobalSection
	GlobalSection(SolutionProperties) = preSolution
		HideSolutionNode = FALSE
	EndGlobalSection
	GlobalSection(ExtensibilityGlobals) = postSolution
		SolutionGuid = {4D7F1D54-6C60-425D-B27C-D9D1C9991751}
	EndGlobalSection
EndGlobal
